<Solution>
  <Configurations>
    <Platform Name="Any CPU" />
    <Platform Name="ARM" />
    <Platform Name="ARM64" />
    <Platform Name="x64" />
    <Platform Name="x86" />
  </Configurations>
  <Project Path="UltraWideScreenShare.WinForms/UltraWideScreenShare.WinForms.csproj">
    <Platform Solution="*|x86" Project="x86" />
    <Platform Solution="Release|x64" Project="x64" />
  </Project>
</Solution>
